
Microsoft Visual Studio Solution File, Format Version 12.00
# Visual Studio 14
VisualStudioVersion = 14.0.25420.1
MinimumVisualStudioVersion = 10.0.40219.1
Project("{FAE04EC0-301F-11D3-BF4B-00C04F79EFBC}") = "OrderManagementSystem", "OrderManagementSystem\OrderManagementSystem.csproj", "{F1C9158E-4438-4C38-A665-DA3191D19667}"
EndProject
Project("{FAE04EC0-301F-11D3-BF4B-00C04F79EFBC}") = "OrderManagementSystem.Core", "OrderManagementSystem.Core\OrderManagementSystem.Core.csproj", "{87FF5561-B002-4995-8526-2CCE56149BDE}"
EndProject
Global
	GlobalSection(SolutionConfigurationPlatforms) = preSolution
		Debug|Any CPU = Debug|Any CPU
		Release|Any CPU = Release|Any CPU
	EndGlobalSection
	GlobalSection(ProjectConfigurationPlatforms) = postSolution
		{F1C9158E-4438-4C38-A665-DA3191D19667}.Debug|Any CPU.ActiveCfg = Debug|Any CPU
		{F1C9158E-4438-4C38-A665-DA3191D19667}.Debug|Any CPU.Build.0 = Debug|Any CPU
		{F1C9158E-4438-4C38-A665-DA3191D19667}.Release|Any CPU.ActiveCfg = Release|Any CPU
		{F1C9158E-4438-4C38-A665-DA3191D19667}.Release|Any CPU.Build.0 = Release|Any CPU
		{87FF5561-B002-4995-8526-2CCE56149BDE}.Debug|Any CPU.ActiveCfg = Debug|Any CPU
		{87FF5561-B002-4995-8526-2CCE56149BDE}.Debug|Any CPU.Build.0 = Debug|Any CPU
		{87FF5561-B002-4995-8526-2CCE56149BDE}.Release|Any CPU.ActiveCfg = Release|Any CPU
		{87FF5561-B002-4995-8526-2CCE56149BDE}.Release|Any CPU.Build.0 = Release|Any CPU
	EndGlobalSection
	GlobalSection(SolutionProperties) = preSolution
		HideSolutionNode = FALSE
	EndGlobalSection
EndGlobal
